{
  "name": "qunar",
  "version": "0.0.1",
  "lockfileVersion": 1,
  "requires": true,
  "dependencies": {
    "regenerator-runtime": {
      "version": "0.12.1",
      "resolved": "http://npmrepo.corp.qunar.com/regenerator-runtime/-/regenerator-runtime-0.12.1.tgz",
      "integrity": "sha1-+hpxVEdkwDb4xJsToIsllMn4oN4="
    }
  }
}
